
Microsoft Visual Studio Solution File, Format Version 12.00
# Visual Studio Version 17
VisualStudioVersion = 17.3.32825.248
MinimumVisualStudioVersion = 10.0.40219.1
Project("{9A19103F-16F7-4668-BE54-9A1E7A4F7556}") = "12Module", "12Module\12Module.csproj", "{F71B405D-DC11-4F01-92DD-001EC1D19392}"
EndProject
Global
	GlobalSection(SolutionConfigurationPlatforms) = preSolution
		Debug|Any CPU = Debug|Any CPU
		Release|Any CPU = Release|Any CPU
	EndGlobalSection
	GlobalSection(ProjectConfigurationPlatforms) = postSolution
		{F71B405D-DC11-4F01-92DD-001EC1D19392}.Debug|Any CPU.ActiveCfg = Debug|Any CPU
		{F71B405D-DC11-4F01-92DD-001EC1D19392}.Debug|Any CPU.Build.0 = Debug|Any CPU
		{F71B405D-DC11-4F01-92DD-001EC1D19392}.Release|Any CPU.ActiveCfg = Release|Any CPU
		{F71B405D-DC11-4F01-92DD-001EC1D19392}.Release|Any CPU.Build.0 = Release|Any CPU
	EndGlobalSection
	GlobalSection(SolutionProperties) = preSolution
		HideSolutionNode = FALSE
	EndGlobalSection
	GlobalSection(ExtensibilityGlobals) = postSolution
		SolutionGuid = {07D1774E-E65F-450F-913B-741457D5D75E}
	EndGlobalSection
EndGlobal
